PODS:
  - Alamofire (5.6.2)
  - ESPullToRefresh (2.9.3)
  - IQKeyboardManagerSwift (6.5.10)
  - Kingfisher (5.13.4):
    - Kingfisher/Core (= 5.13.4)
  - Kingfisher/Core (5.13.4)
  - MBProgressHUD (1.2.0)
  - SwiftLint (0.48.0)

DEPENDENCIES:
  - Alamofire (~> 5.0)
  - ESPullToRefresh
  - IQKeyboardManagerSwift
  - Kingfisher (~> 5.13.4)
  - MBProgressHUD (~> 1.2)
  - SwiftLint

SPEC REPOS:
  trunk:
    - Alamofire
    - ESPullToRefresh
    - IQKeyboardManagerSwift
    - Kingfisher
    - MBProgressHUD
    - SwiftLint

SPEC CHECKSUMS:
  Alamofire: d368e1ff8a298e6dde360e35a3e68e6c610e7204
  ESPullToRefresh: 0d68daa602b343c81753a1b95e09fd0bfcddfd40
  IQKeyboardManagerSwift: 52962c76ab33532f15ad9f3ff4e5715eda5335bb
  Kingfisher: d2279a7abece3c7f25a80cd2b7f363ca5cf3f44c
  MBProgressHUD: 3ee5efcc380f6a79a7cc9b363dd669c5e1ae7406
  SwiftLint: 284cea64b6187c5d6bd83e9a548a64104d546447

PODFILE CHECKSUM: ee5e9875c8ce476f313e3155fcd2aac3d182ed1b

COCOAPODS: 1.11.3
