// !$*UTF8*$!
{
	archiveVersion = 1;
	classes = {
	};
	objectVersion = 51;
	objects = {

/* Begin PBXBuildFile section */
		1765338828A9E1D100ABE8E2 /* String+Extension.swift in Sources */ = {isa = PBXBuildFile; fileRef = 1765338728A9E1D100ABE8E2 /* String+Extension.swift */; };
		1765338A28A9EEED00ABE8E2 /* MockDataArticle.swift in Sources */ = {isa = PBXBuildFile; fileRef = 1765338928A9EEED00ABE8E2 /* MockDataArticle.swift */; };
		1765338C28A9F0EF00ABE8E2 /* MainNewTest.swift in Sources */ = {isa = PBXBuildFile; fileRef = 1765338B28A9F0EF00ABE8E2 /* MainNewTest.swift */; };
		1765338E28A9F6A400ABE8E2 /* DetailedNewsTest.swift in Sources */ = {isa = PBXBuildFile; fileRef = 1765338D28A9F6A400ABE8E2 /* DetailedNewsTest.swift */; };
		17920BA328A60251002AF092 /* NunitoSans-LightItalic.ttf in Resources */ = {isa = PBXBuildFile; fileRef = 17920B9428A60251002AF092 /* NunitoSans-LightItalic.ttf */; };
		17920BA428A60251002AF092 /* NunitoSans-BoldItalic.ttf in Resources */ = {isa = PBXBuildFile; fileRef = 17920B9528A60251002AF092 /* NunitoSans-BoldItalic.ttf */; };
		17920BA528A60251002AF092 /* NunitoSans-ExtraLight.ttf in Resources */ = {isa = PBXBuildFile; fileRef = 17920B9628A60251002AF092 /* NunitoSans-ExtraLight.ttf */; };
		17920BA628A60251002AF092 /* NunitoSans-Light.ttf in Resources */ = {isa = PBXBuildFile; fileRef = 17920B9728A60251002AF092 /* NunitoSans-Light.ttf */; };
		17920BA728A60251002AF092 /* NunitoSans-BlackItalic.ttf in Resources */ = {isa = PBXBuildFile; fileRef = 17920B9828A60251002AF092 /* NunitoSans-BlackItalic.ttf */; };
		17920BA828A60251002AF092 /* NunitoSans-ExtraBold.ttf in Resources */ = {isa = PBXBuildFile; fileRef = 17920B9928A60251002AF092 /* NunitoSans-ExtraBold.ttf */; };
		17920BA928A60251002AF092 /* NunitoSans-Regular.ttf in Resources */ = {isa = PBXBuildFile; fileRef = 17920B9A28A60251002AF092 /* NunitoSans-Regular.ttf */; };
		17920BAA28A60251002AF092 /* NunitoSans-SemiBoldItalic.ttf in Resources */ = {isa = PBXBuildFile; fileRef = 17920B9B28A60251002AF092 /* NunitoSans-SemiBoldItalic.ttf */; };
		17920BAB28A60251002AF092 /* NunitoSans-Italic.ttf in Resources */ = {isa = PBXBuildFile; fileRef = 17920B9C28A60251002AF092 /* NunitoSans-Italic.ttf */; };
		17920BAC28A60251002AF092 /* OFL.txt in Resources */ = {isa = PBXBuildFile; fileRef = 17920B9D28A60251002AF092 /* OFL.txt */; };
		17920BAD28A60251002AF092 /* NunitoSans-Bold.ttf in Resources */ = {isa = PBXBuildFile; fileRef = 17920B9E28A60251002AF092 /* NunitoSans-Bold.ttf */; };
		17920BAE28A60251002AF092 /* NunitoSans-SemiBold.ttf in Resources */ = {isa = PBXBuildFile; fileRef = 17920B9F28A60251002AF092 /* NunitoSans-SemiBold.ttf */; };
		17920BAF28A60251002AF092 /* NunitoSans-Black.ttf in Resources */ = {isa = PBXBuildFile; fileRef = 17920BA028A60251002AF092 /* NunitoSans-Black.ttf */; };
		17920BB028A60251002AF092 /* NunitoSans-ExtraBoldItalic.ttf in Resources */ = {isa = PBXBuildFile; fileRef = 17920BA128A60251002AF092 /* NunitoSans-ExtraBoldItalic.ttf */; };
		17920BB128A60251002AF092 /* NunitoSans-ExtraLightItalic.ttf in Resources */ = {isa = PBXBuildFile; fileRef = 17920BA228A60251002AF092 /* NunitoSans-ExtraLightItalic.ttf */; };
		17920BBF28A60267002AF092 /* UIImageView+Extension.swift in Sources */ = {isa = PBXBuildFile; fileRef = 17920BB328A60267002AF092 /* UIImageView+Extension.swift */; };
		17920BC028A60267002AF092 /* UIFont+Extension.swift in Sources */ = {isa = PBXBuildFile; fileRef = 17920BB428A60267002AF092 /* UIFont+Extension.swift */; };
		17920BC128A60267002AF092 /* UIView+Extension.swift in Sources */ = {isa = PBXBuildFile; fileRef = 17920BB528A60267002AF092 /* UIView+Extension.swift */; };
		17920BC228A60267002AF092 /* UIImage+Extension.swift in Sources */ = {isa = PBXBuildFile; fileRef = 17920BB628A60267002AF092 /* UIImage+Extension.swift */; };
		17920BC328A60267002AF092 /* NSMutableData+Extensions.swift in Sources */ = {isa = PBXBuildFile; fileRef = 17920BB728A60267002AF092 /* NSMutableData+Extensions.swift */; };
		17920BC428A60267002AF092 /* UIViewController+Extension.swift in Sources */ = {isa = PBXBuildFile; fileRef = 17920BB828A60267002AF092 /* UIViewController+Extension.swift */; };
		17920BC528A60267002AF092 /* UITableViewCell+Extension.swift in Sources */ = {isa = PBXBuildFile; fileRef = 17920BB928A60267002AF092 /* UITableViewCell+Extension.swift */; };
		17920BC628A60267002AF092 /* UITableViewHeaderFooterView+Extension.swift in Sources */ = {isa = PBXBuildFile; fileRef = 17920BBA28A60267002AF092 /* UITableViewHeaderFooterView+Extension.swift */; };
		17920BC728A60267002AF092 /* Date+Extensions.swift in Sources */ = {isa = PBXBuildFile; fileRef = 17920BBB28A60267002AF092 /* Date+Extensions.swift */; };
		17920BC828A60267002AF092 /* BaseNibView.swift in Sources */ = {isa = PBXBuildFile; fileRef = 17920BBC28A60267002AF092 /* BaseNibView.swift */; };
		17920BC928A60267002AF092 /* Data+Extensions.swift in Sources */ = {isa = PBXBuildFile; fileRef = 17920BBD28A60267002AF092 /* Data+Extensions.swift */; };
		17920BCA28A60267002AF092 /* UITableView+Extension.swift in Sources */ = {isa = PBXBuildFile; fileRef = 17920BBE28A60267002AF092 /* UITableView+Extension.swift */; };
		17920BD228A602BB002AF092 /* AlertCustomViewModel.swift in Sources */ = {isa = PBXBuildFile; fileRef = 17920BCE28A602BB002AF092 /* AlertCustomViewModel.swift */; };
		17920BD328A602BB002AF092 /* AlertCustomViewController.xib in Resources */ = {isa = PBXBuildFile; fileRef = 17920BD028A602BB002AF092 /* AlertCustomViewController.xib */; };
		17920BD428A602BB002AF092 /* AlertCustomViewController.swift in Sources */ = {isa = PBXBuildFile; fileRef = 17920BD128A602BB002AF092 /* AlertCustomViewController.swift */; };
		17920BD728A6030B002AF092 /* Constant.swift in Sources */ = {isa = PBXBuildFile; fileRef = 17920BD628A6030B002AF092 /* Constant.swift */; };
		17920BDE28A60499002AF092 /* MainNewsViewController.swift in Sources */ = {isa = PBXBuildFile; fileRef = 17920BDC28A60499002AF092 /* MainNewsViewController.swift */; };
		17920BDF28A60499002AF092 /* MainNewsViewController.xib in Resources */ = {isa = PBXBuildFile; fileRef = 17920BDD28A60499002AF092 /* MainNewsViewController.xib */; };
		17920BE528A60588002AF092 /* DetailNewsViewController.swift in Sources */ = {isa = PBXBuildFile; fileRef = 17920BE328A60588002AF092 /* DetailNewsViewController.swift */; };
		17920BE628A60588002AF092 /* DetailNewsViewController.xib in Resources */ = {isa = PBXBuildFile; fileRef = 17920BE428A60588002AF092 /* DetailNewsViewController.xib */; };
		17920BE928A606A7002AF092 /* Article.swift in Sources */ = {isa = PBXBuildFile; fileRef = 17920BE828A606A7002AF092 /* Article.swift */; };
		17920BEC28A60F16002AF092 /* DataAdapter.swift in Sources */ = {isa = PBXBuildFile; fileRef = 17920BEB28A60F15002AF092 /* DataAdapter.swift */; };
		17920BEE28A60FB6002AF092 /* GetArticlesAPI.swift in Sources */ = {isa = PBXBuildFile; fileRef = 17920BED28A60FB6002AF092 /* GetArticlesAPI.swift */; };
		17920BF028A61235002AF092 /* MainNewsViewModel.swift in Sources */ = {isa = PBXBuildFile; fileRef = 17920BEF28A61235002AF092 /* MainNewsViewModel.swift */; };
		17920BF428A62694002AF092 /* ItemArticleTableViewCell.swift in Sources */ = {isa = PBXBuildFile; fileRef = 17920BF228A62694002AF092 /* ItemArticleTableViewCell.swift */; };
		17920BF528A62694002AF092 /* ItemArticleTableViewCell.xib in Resources */ = {isa = PBXBuildFile; fileRef = 17920BF328A62694002AF092 /* ItemArticleTableViewCell.xib */; };
		17920BF728A62933002AF092 /* ItemArticleCellViewModel.swift in Sources */ = {isa = PBXBuildFile; fileRef = 17920BF628A62933002AF092 /* ItemArticleCellViewModel.swift */; };
		17920BF928A63473002AF092 /* UIColor+Extension.swift in Sources */ = {isa = PBXBuildFile; fileRef = 17920BF828A63473002AF092 /* UIColor+Extension.swift */; };
		17920BFB28A63E3C002AF092 /* DetailNewsViewModel.swift in Sources */ = {isa = PBXBuildFile; fileRef = 17920BFA28A63E3C002AF092 /* DetailNewsViewModel.swift */; };
		2A216138543B1EDABF1F6CE8 /* Pods_TestNews.framework in Frameworks */ = {isa = PBXBuildFile; fileRef = DC3A47236583F749B65DE559 /* Pods_TestNews.framework */; };
		4AD8F76A28A5C03800DEBEBA /* AppDelegate.swift in Sources */ = {isa = PBXBuildFile; fileRef = 4AD8F76928A5C03800DEBEBA /* AppDelegate.swift */; };
		4AD8F76E28A5C03800DEBEBA /* ViewController.swift in Sources */ = {isa = PBXBuildFile; fileRef = 4AD8F76D28A5C03800DEBEBA /* ViewController.swift */; };
		4AD8F77128A5C03800DEBEBA /* Main.storyboard in Resources */ = {isa = PBXBuildFile; fileRef = 4AD8F76F28A5C03800DEBEBA /* Main.storyboard */; };
		4AD8F77328A5C03A00DEBEBA /* Assets.xcassets in Resources */ = {isa = PBXBuildFile; fileRef = 4AD8F77228A5C03A00DEBEBA /* Assets.xcassets */; };
		4AD8F77628A5C03A00DEBEBA /* LaunchScreen.storyboard in Resources */ = {isa = PBXBuildFile; fileRef = 4AD8F77428A5C03A00DEBEBA /* LaunchScreen.storyboard */; };
		4AD8F78128A5C03B00DEBEBA /* TestNewsTests.swift in Sources */ = {isa = PBXBuildFile; fileRef = 4AD8F78028A5C03B00DEBEBA /* TestNewsTests.swift */; };
		4AD8F78C28A5C03B00DEBEBA /* TestNewsUITests.swift in Sources */ = {isa = PBXBuildFile; fileRef = 4AD8F78B28A5C03B00DEBEBA /* TestNewsUITests.swift */; };
		6B4CBA5E4432E948E62C80AE /* Pods_TestNewsTests.framework in Frameworks */ = {isa = PBXBuildFile; fileRef = 2193E3694531293B83FABE3B /* Pods_TestNewsTests.framework */; };
		92FEB4252DB940BD624F60C4 /* Pods_TestNews_TestNewsUITests.framework in Frameworks */ = {isa = PBXBuildFile; fileRef = EA2FC038D24347A1A8DE90E7 /* Pods_TestNews_TestNewsUITests.framework */; };
/* End PBXBuildFile section */

/* Begin PBXContainerItemProxy section */
		4AD8F77D28A5C03B00DEBEBA /* PBXContainerItemProxy */ = {
			isa = PBXContainerItemProxy;
			containerPortal = 4AD8F75E28A5C03800DEBEBA /* Project object */;
			proxyType = 1;
			remoteGlobalIDString = 4AD8F76528A5C03800DEBEBA;
			remoteInfo = TestNews;
		};
		4AD8F78828A5C03B00DEBEBA /* PBXContainerItemProxy */ = {
			isa = PBXContainerItemProxy;
			containerPortal = 4AD8F75E28A5C03800DEBEBA /* Project object */;
			proxyType = 1;
			remoteGlobalIDString = 4AD8F76528A5C03800DEBEBA;
			remoteInfo = TestNews;
		};
/* End PBXContainerItemProxy section */

/* Begin PBXFileReference section */
		1765338728A9E1D100ABE8E2 /* String+Extension.swift */ = {isa = PBXFileReference; lastKnownFileType = sourcecode.swift; path = "String+Extension.swift"; sourceTree = "<group>"; };
		1765338928A9EEED00ABE8E2 /* MockDataArticle.swift */ = {isa = PBXFileReference; lastKnownFileType = sourcecode.swift; path = MockDataArticle.swift; sourceTree = "<group>"; };
		1765338B28A9F0EF00ABE8E2 /* MainNewTest.swift */ = {isa = PBXFileReference; lastKnownFileType = sourcecode.swift; path = MainNewTest.swift; sourceTree = "<group>"; };
		1765338D28A9F6A400ABE8E2 /* DetailedNewsTest.swift */ = {isa = PBXFileReference; lastKnownFileType = sourcecode.swift; path = DetailedNewsTest.swift; sourceTree = "<group>"; };
		17920B9428A60251002AF092 /* NunitoSans-LightItalic.ttf */ = {isa = PBXFileReference; lastKnownFileType = file; path = "NunitoSans-LightItalic.ttf"; sourceTree = "<group>"; };
		17920B9528A60251002AF092 /* NunitoSans-BoldItalic.ttf */ = {isa = PBXFileReference; lastKnownFileType = file; path = "NunitoSans-BoldItalic.ttf"; sourceTree = "<group>"; };
		17920B9628A60251002AF092 /* NunitoSans-ExtraLight.ttf */ = {isa = PBXFileReference; lastKnownFileType = file; path = "NunitoSans-ExtraLight.ttf"; sourceTree = "<group>"; };
		17920B9728A60251002AF092 /* NunitoSans-Light.ttf */ = {isa = PBXFileReference; lastKnownFileType = file; path = "NunitoSans-Light.ttf"; sourceTree = "<group>"; };
		17920B9828A60251002AF092 /* NunitoSans-BlackItalic.ttf */ = {isa = PBXFileReference; lastKnownFileType = file; path = "NunitoSans-BlackItalic.ttf"; sourceTree = "<group>"; };
		17920B9928A60251002AF092 /* NunitoSans-ExtraBold.ttf */ = {isa = PBXFileReference; lastKnownFileType = file; path = "NunitoSans-ExtraBold.ttf"; sourceTree = "<group>"; };
		17920B9A28A60251002AF092 /* NunitoSans-Regular.ttf */ = {isa = PBXFileReference; lastKnownFileType = file; path = "NunitoSans-Regular.ttf"; sourceTree = "<group>"; };
		17920B9B28A60251002AF092 /* NunitoSans-SemiBoldItalic.ttf */ = {isa = PBXFileReference; lastKnownFileType = file; path = "NunitoSans-SemiBoldItalic.ttf"; sourceTree = "<group>"; };
		17920B9C28A60251002AF092 /* NunitoSans-Italic.ttf */ = {isa = PBXFileReference; lastKnownFileType = file; path = "NunitoSans-Italic.ttf"; sourceTree = "<group>"; };
		17920B9D28A60251002AF092 /* OFL.txt */ = {isa = PBXFileReference; fileEncoding = 4; lastKnownFileType = text; path = OFL.txt; sourceTree = "<group>"; };
		17920B9E28A60251002AF092 /* NunitoSans-Bold.ttf */ = {isa = PBXFileReference; lastKnownFileType = file; path = "NunitoSans-Bold.ttf"; sourceTree = "<group>"; };
		17920B9F28A60251002AF092 /* NunitoSans-SemiBold.ttf */ = {isa = PBXFileReference; lastKnownFileType = file; path = "NunitoSans-SemiBold.ttf"; sourceTree = "<group>"; };
		17920BA028A60251002AF092 /* NunitoSans-Black.ttf */ = {isa = PBXFileReference; lastKnownFileType = file; path = "NunitoSans-Black.ttf"; sourceTree = "<group>"; };
		17920BA128A60251002AF092 /* NunitoSans-ExtraBoldItalic.ttf */ = {isa = PBXFileReference; lastKnownFileType = file; path = "NunitoSans-ExtraBoldItalic.ttf"; sourceTree = "<group>"; };
		17920BA228A60251002AF092 /* NunitoSans-ExtraLightItalic.ttf */ = {isa = PBXFileReference; lastKnownFileType = file; path = "NunitoSans-ExtraLightItalic.ttf"; sourceTree = "<group>"; };
		17920BB328A60267002AF092 /* UIImageView+Extension.swift */ = {isa = PBXFileReference; fileEncoding = 4; lastKnownFileType = sourcecode.swift; path = "UIImageView+Extension.swift"; sourceTree = "<group>"; };
		17920BB428A60267002AF092 /* UIFont+Extension.swift */ = {isa = PBXFileReference; fileEncoding = 4; lastKnownFileType = sourcecode.swift; path = "UIFont+Extension.swift"; sourceTree = "<group>"; };
		17920BB528A60267002AF092 /* UIView+Extension.swift */ = {isa = PBXFileReference; fileEncoding = 4; lastKnownFileType = sourcecode.swift; path = "UIView+Extension.swift"; sourceTree = "<group>"; };
		17920BB628A60267002AF092 /* UIImage+Extension.swift */ = {isa = PBXFileReference; fileEncoding = 4; lastKnownFileType = sourcecode.swift; path = "UIImage+Extension.swift"; sourceTree = "<group>"; };
		17920BB728A60267002AF092 /* NSMutableData+Extensions.swift */ = {isa = PBXFileReference; fileEncoding = 4; lastKnownFileType = sourcecode.swift; path = "NSMutableData+Extensions.swift"; sourceTree = "<group>"; };
		17920BB828A60267002AF092 /* UIViewController+Extension.swift */ = {isa = PBXFileReference; fileEncoding = 4; lastKnownFileType = sourcecode.swift; path = "UIViewController+Extension.swift"; sourceTree = "<group>"; };
		17920BB928A60267002AF092 /* UITableViewCell+Extension.swift */ = {isa = PBXFileReference; fileEncoding = 4; lastKnownFileType = sourcecode.swift; path = "UITableViewCell+Extension.swift"; sourceTree = "<group>"; };
		17920BBA28A60267002AF092 /* UITableViewHeaderFooterView+Extension.swift */ = {isa = PBXFileReference; fileEncoding = 4; lastKnownFileType = sourcecode.swift; path = "UITableViewHeaderFooterView+Extension.swift"; sourceTree = "<group>"; };
		17920BBB28A60267002AF092 /* Date+Extensions.swift */ = {isa = PBXFileReference; fileEncoding = 4; lastKnownFileType = sourcecode.swift; path = "Date+Extensions.swift"; sourceTree = "<group>"; };
		17920BBC28A60267002AF092 /* BaseNibView.swift */ = {isa = PBXFileReference; fileEncoding = 4; lastKnownFileType = sourcecode.swift; path = BaseNibView.swift; sourceTree = "<group>"; };
		17920BBD28A60267002AF092 /* Data+Extensions.swift */ = {isa = PBXFileReference; fileEncoding = 4; lastKnownFileType = sourcecode.swift; path = "Data+Extensions.swift"; sourceTree = "<group>"; };
		17920BBE28A60267002AF092 /* UITableView+Extension.swift */ = {isa = PBXFileReference; fileEncoding = 4; lastKnownFileType = sourcecode.swift; path = "UITableView+Extension.swift"; sourceTree = "<group>"; };
		17920BCE28A602BB002AF092 /* AlertCustomViewModel.swift */ = {isa = PBXFileReference; fileEncoding = 4; lastKnownFileType = sourcecode.swift; path = AlertCustomViewModel.swift; sourceTree = "<group>"; };
		17920BD028A602BB002AF092 /* AlertCustomViewController.xib */ = {isa = PBXFileReference; fileEncoding = 4; lastKnownFileType = file.xib; path = AlertCustomViewController.xib; sourceTree = "<group>"; };
		17920BD128A602BB002AF092 /* AlertCustomViewController.swift */ = {isa = PBXFileReference; fileEncoding = 4; lastKnownFileType = sourcecode.swift; path = AlertCustomViewController.swift; sourceTree = "<group>"; };
		17920BD628A6030B002AF092 /* Constant.swift */ = {isa = PBXFileReference; lastKnownFileType = sourcecode.swift; path = Constant.swift; sourceTree = "<group>"; };
		17920BDC28A60499002AF092 /* MainNewsViewController.swift */ = {isa = PBXFileReference; lastKnownFileType = sourcecode.swift; path = MainNewsViewController.swift; sourceTree = "<group>"; };
		17920BDD28A60499002AF092 /* MainNewsViewController.xib */ = {isa = PBXFileReference; lastKnownFileType = file.xib; path = MainNewsViewController.xib; sourceTree = "<group>"; };
		17920BE328A60588002AF092 /* DetailNewsViewController.swift */ = {isa = PBXFileReference; lastKnownFileType = sourcecode.swift; path = DetailNewsViewController.swift; sourceTree = "<group>"; };
		17920BE428A60588002AF092 /* DetailNewsViewController.xib */ = {isa = PBXFileReference; lastKnownFileType = file.xib; path = DetailNewsViewController.xib; sourceTree = "<group>"; };
		17920BE828A606A7002AF092 /* Article.swift */ = {isa = PBXFileReference; lastKnownFileType = sourcecode.swift; path = Article.swift; sourceTree = "<group>"; };
		17920BEB28A60F15002AF092 /* DataAdapter.swift */ = {isa = PBXFileReference; lastKnownFileType = sourcecode.swift; path = DataAdapter.swift; sourceTree = "<group>"; };
		17920BED28A60FB6002AF092 /* GetArticlesAPI.swift */ = {isa = PBXFileReference; lastKnownFileType = sourcecode.swift; path = GetArticlesAPI.swift; sourceTree = "<group>"; };
		17920BEF28A61235002AF092 /* MainNewsViewModel.swift */ = {isa = PBXFileReference; lastKnownFileType = sourcecode.swift; path = MainNewsViewModel.swift; sourceTree = "<group>"; };
		17920BF228A62694002AF092 /* ItemArticleTableViewCell.swift */ = {isa = PBXFileReference; lastKnownFileType = sourcecode.swift; path = ItemArticleTableViewCell.swift; sourceTree = "<group>"; };
		17920BF328A62694002AF092 /* ItemArticleTableViewCell.xib */ = {isa = PBXFileReference; lastKnownFileType = file.xib; path = ItemArticleTableViewCell.xib; sourceTree = "<group>"; };
		17920BF628A62933002AF092 /* ItemArticleCellViewModel.swift */ = {isa = PBXFileReference; lastKnownFileType = sourcecode.swift; path = ItemArticleCellViewModel.swift; sourceTree = "<group>"; };
		17920BF828A63473002AF092 /* UIColor+Extension.swift */ = {isa = PBXFileReference; lastKnownFileType = sourcecode.swift; path = "UIColor+Extension.swift"; sourceTree = "<group>"; };
		17920BFA28A63E3C002AF092 /* DetailNewsViewModel.swift */ = {isa = PBXFileReference; lastKnownFileType = sourcecode.swift; path = DetailNewsViewModel.swift; sourceTree = "<group>"; };
		1BC3A836B9D67EC650B01197 /* Pods-TestNewsTests.release.xcconfig */ = {isa = PBXFileReference; includeInIndex = 1; lastKnownFileType = text.xcconfig; name = "Pods-TestNewsTests.release.xcconfig"; path = "Target Support Files/Pods-TestNewsTests/Pods-TestNewsTests.release.xcconfig"; sourceTree = "<group>"; };
		2193E3694531293B83FABE3B /* Pods_TestNewsTests.framework */ = {isa = PBXFileReference; explicitFileType = wrapper.framework; includeInIndex = 0; path = Pods_TestNewsTests.framework; sourceTree = BUILT_PRODUCTS_DIR; };
		4AD8F76628A5C03800DEBEBA /* TestNews.app */ = {isa = PBXFileReference; explicitFileType = wrapper.application; includeInIndex = 0; path = TestNews.app; sourceTree = BUILT_PRODUCTS_DIR; };
		4AD8F76928A5C03800DEBEBA /* AppDelegate.swift */ = {isa = PBXFileReference; lastKnownFileType = sourcecode.swift; path = AppDelegate.swift; sourceTree = "<group>"; };
		4AD8F76D28A5C03800DEBEBA /* ViewController.swift */ = {isa = PBXFileReference; lastKnownFileType = sourcecode.swift; path = ViewController.swift; sourceTree = "<group>"; };
		4AD8F77028A5C03800DEBEBA /* Base */ = {isa = PBXFileReference; lastKnownFileType = file.storyboard; name = Base; path = Base.lproj/Main.storyboard; sourceTree = "<group>"; };
		4AD8F77228A5C03A00DEBEBA /* Assets.xcassets */ = {isa = PBXFileReference; lastKnownFileType = folder.assetcatalog; path = Assets.xcassets; sourceTree = "<group>"; };
		4AD8F77528A5C03A00DEBEBA /* Base */ = {isa = PBXFileReference; lastKnownFileType = file.storyboard; name = Base; path = Base.lproj/LaunchScreen.storyboard; sourceTree = "<group>"; };
		4AD8F77728A5C03A00DEBEBA /* Info.plist */ = {isa = PBXFileReference; lastKnownFileType = text.plist.xml; path = Info.plist; sourceTree = "<group>"; };
		4AD8F77C28A5C03B00DEBEBA /* TestNewsTests.xctest */ = {isa = PBXFileReference; explicitFileType = wrapper.cfbundle; includeInIndex = 0; path = TestNewsTests.xctest; sourceTree = BUILT_PRODUCTS_DIR; };
		4AD8F78028A5C03B00DEBEBA /* TestNewsTests.swift */ = {isa = PBXFileReference; lastKnownFileType = sourcecode.swift; path = TestNewsTests.swift; sourceTree = "<group>"; };
		4AD8F78228A5C03B00DEBEBA /* Info.plist */ = {isa = PBXFileReference; lastKnownFileType = text.plist.xml; path = Info.plist; sourceTree = "<group>"; };
		4AD8F78728A5C03B00DEBEBA /* TestNewsUITests.xctest */ = {isa = PBXFileReference; explicitFileType = wrapper.cfbundle; includeInIndex = 0; path = TestNewsUITests.xctest; sourceTree = BUILT_PRODUCTS_DIR; };
		4AD8F78B28A5C03B00DEBEBA /* TestNewsUITests.swift */ = {isa = PBXFileReference; lastKnownFileType = sourcecode.swift; path = TestNewsUITests.swift; sourceTree = "<group>"; };
		4AD8F78D28A5C03B00DEBEBA /* Info.plist */ = {isa = PBXFileReference; lastKnownFileType = text.plist.xml; path = Info.plist; sourceTree = "<group>"; };
		5EE790404CA8061AD4C5AAF1 /* Pods-TestNews-TestNewsUITests.debug.xcconfig */ = {isa = PBXFileReference; includeInIndex = 1; lastKnownFileType = text.xcconfig; name = "Pods-TestNews-TestNewsUITests.debug.xcconfig"; path = "Target Support Files/Pods-TestNews-TestNewsUITests/Pods-TestNews-TestNewsUITests.debug.xcconfig"; sourceTree = "<group>"; };
		69ECCEE019EE275BCE9086EC /* Pods-TestNews-TestNewsUITests.release.xcconfig */ = {isa = PBXFileReference; includeInIndex = 1; lastKnownFileType = text.xcconfig; name = "Pods-TestNews-TestNewsUITests.release.xcconfig"; path = "Target Support Files/Pods-TestNews-TestNewsUITests/Pods-TestNews-TestNewsUITests.release.xcconfig"; sourceTree = "<group>"; };
		8520FDB5752A4C67DBC4B742 /* Pods-TestNews.debug.xcconfig */ = {isa = PBXFileReference; includeInIndex = 1; lastKnownFileType = text.xcconfig; name = "Pods-TestNews.debug.xcconfig"; path = "Target Support Files/Pods-TestNews/Pods-TestNews.debug.xcconfig"; sourceTree = "<group>"; };
		8E0B729083F7EB82BEA74A75 /* Pods-TestNewsTests.debug.xcconfig */ = {isa = PBXFileReference; includeInIndex = 1; lastKnownFileType = text.xcconfig; name = "Pods-TestNewsTests.debug.xcconfig"; path = "Target Support Files/Pods-TestNewsTests/Pods-TestNewsTests.debug.xcconfig"; sourceTree = "<group>"; };
		DC3A47236583F749B65DE559 /* Pods_TestNews.framework */ = {isa = PBXFileReference; explicitFileType = wrapper.framework; includeInIndex = 0; path = Pods_TestNews.framework; sourceTree = BUILT_PRODUCTS_DIR; };
		EA2FC038D24347A1A8DE90E7 /* Pods_TestNews_TestNewsUITests.framework */ = {isa = PBXFileReference; explicitFileType = wrapper.framework; includeInIndex = 0; path = Pods_TestNews_TestNewsUITests.framework; sourceTree = BUILT_PRODUCTS_DIR; };
		EE8F6A774E9EC62E231CDF1B /* Pods-TestNews.release.xcconfig */ = {isa = PBXFileReference; includeInIndex = 1; lastKnownFileType = text.xcconfig; name = "Pods-TestNews.release.xcconfig"; path = "Target Support Files/Pods-TestNews/Pods-TestNews.release.xcconfig"; sourceTree = "<group>"; };
/* End PBXFileReference section */

/* Begin PBXFrameworksBuildPhase section */
		4AD8F76328A5C03800DEBEBA /* Frameworks */ = {
			isa = PBXFrameworksBuildPhase;
			buildActionMask = 2147483647;
			files = (
				2A216138543B1EDABF1F6CE8 /* Pods_TestNews.framework in Frameworks */,
			);
			runOnlyForDeploymentPostprocessing = 0;
		};
		4AD8F77928A5C03B00DEBEBA /* Frameworks */ = {
			isa = PBXFrameworksBuildPhase;
			buildActionMask = 2147483647;
			files = (
				6B4CBA5E4432E948E62C80AE /* Pods_TestNewsTests.framework in Frameworks */,
			);
			runOnlyForDeploymentPostprocessing = 0;
		};
		4AD8F78428A5C03B00DEBEBA /* Frameworks */ = {
			isa = PBXFrameworksBuildPhase;
			buildActionMask = 2147483647;
			files = (
				92FEB4252DB940BD624F60C4 /* Pods_TestNews_TestNewsUITests.framework in Frameworks */,
			);
			runOnlyForDeploymentPostprocessing = 0;
		};
/* End PBXFrameworksBuildPhase section */

/* Begin PBXGroup section */
		17920B9228A60251002AF092 /* Fonts */ = {
			isa = PBXGroup;
			children = (
				17920B9328A60251002AF092 /* Nunito_Sans */,
			);
			path = Fonts;
			sourceTree = "<group>";
		};
		17920B9328A60251002AF092 /* Nunito_Sans */ = {
			isa = PBXGroup;
			children = (
				17920B9428A60251002AF092 /* NunitoSans-LightItalic.ttf */,
				17920B9528A60251002AF092 /* NunitoSans-BoldItalic.ttf */,
				17920B9628A60251002AF092 /* NunitoSans-ExtraLight.ttf */,
				17920B9728A60251002AF092 /* NunitoSans-Light.ttf */,
				17920B9828A60251002AF092 /* NunitoSans-BlackItalic.ttf */,
				17920B9928A60251002AF092 /* NunitoSans-ExtraBold.ttf */,
				17920B9A28A60251002AF092 /* NunitoSans-Regular.ttf */,
				17920B9B28A60251002AF092 /* NunitoSans-SemiBoldItalic.ttf */,
				17920B9C28A60251002AF092 /* NunitoSans-Italic.ttf */,
				17920B9D28A60251002AF092 /* OFL.txt */,
				17920B9E28A60251002AF092 /* NunitoSans-Bold.ttf */,
				17920B9F28A60251002AF092 /* NunitoSans-SemiBold.ttf */,
				17920BA028A60251002AF092 /* NunitoSans-Black.ttf */,
				17920BA128A60251002AF092 /* NunitoSans-ExtraBoldItalic.ttf */,
				17920BA228A60251002AF092 /* NunitoSans-ExtraLightItalic.ttf */,
			);
			path = Nunito_Sans;
			sourceTree = "<group>";
		};
		17920BB228A60267002AF092 /* Extension */ = {
			isa = PBXGroup;
			children = (
				17920BB328A60267002AF092 /* UIImageView+Extension.swift */,
				17920BB428A60267002AF092 /* UIFont+Extension.swift */,
				17920BB528A60267002AF092 /* UIView+Extension.swift */,
				17920BB628A60267002AF092 /* UIImage+Extension.swift */,
				17920BB728A60267002AF092 /* NSMutableData+Extensions.swift */,
				17920BB828A60267002AF092 /* UIViewController+Extension.swift */,
				17920BB928A60267002AF092 /* UITableViewCell+Extension.swift */,
				17920BBA28A60267002AF092 /* UITableViewHeaderFooterView+Extension.swift */,
				17920BBB28A60267002AF092 /* Date+Extensions.swift */,
				17920BBC28A60267002AF092 /* BaseNibView.swift */,
				17920BBD28A60267002AF092 /* Data+Extensions.swift */,
				17920BBE28A60267002AF092 /* UITableView+Extension.swift */,
				17920BF828A63473002AF092 /* UIColor+Extension.swift */,
				1765338728A9E1D100ABE8E2 /* String+Extension.swift */,
			);
			path = Extension;
			sourceTree = "<group>";
		};
		17920BCB28A602A2002AF092 /* Screens */ = {
			isa = PBXGroup;
			children = (
				17920BD928A60395002AF092 /* DetailedNews */,
				17920BD828A60378002AF092 /* MainNews */,
				17920BCC28A602BB002AF092 /* AlertCustom */,
			);
			path = Screens;
			sourceTree = "<group>";
		};
		17920BCC28A602BB002AF092 /* AlertCustom */ = {
			isa = PBXGroup;
			children = (
				17920BCD28A602BB002AF092 /* ViewModel */,
				17920BCF28A602BB002AF092 /* View */,
			);
			path = AlertCustom;
			sourceTree = "<group>";
		};
		17920BCD28A602BB002AF092 /* ViewModel */ = {
			isa = PBXGroup;
			children = (
				17920BCE28A602BB002AF092 /* AlertCustomViewModel.swift */,
			);
			path = ViewModel;
			sourceTree = "<group>";
		};
		17920BCF28A602BB002AF092 /* View */ = {
			isa = PBXGroup;
			children = (
				17920BD028A602BB002AF092 /* AlertCustomViewController.xib */,
				17920BD128A602BB002AF092 /* AlertCustomViewController.swift */,
			);
			path = View;
			sourceTree = "<group>";
		};
		17920BD528A602EE002AF092 /* Utils */ = {
			isa = PBXGroup;
			children = (
				17920BD628A6030B002AF092 /* Constant.swift */,
			);
			path = Utils;
			sourceTree = "<group>";
		};
		17920BD828A60378002AF092 /* MainNews */ = {
			isa = PBXGroup;
			children = (
				17920BE728A6068A002AF092 /* Model */,
				17920BDB28A603B5002AF092 /* View */,
				17920BDA28A603AA002AF092 /* ViewModel */,
			);
			path = MainNews;
			sourceTree = "<group>";
		};
		17920BD928A60395002AF092 /* DetailedNews */ = {
			isa = PBXGroup;
			children = (
				17920BE228A60567002AF092 /* Model */,
				17920BE128A6055A002AF092 /* View */,
				17920BE028A6054D002AF092 /* ViewModel */,
			);
			path = DetailedNews;
			sourceTree = "<group>";
		};
		17920BDA28A603AA002AF092 /* ViewModel */ = {
			isa = PBXGroup;
			children = (
				17920BEF28A61235002AF092 /* MainNewsViewModel.swift */,
				17920BF628A62933002AF092 /* ItemArticleCellViewModel.swift */,
			);
			path = ViewModel;
			sourceTree = "<group>";
		};
		17920BDB28A603B5002AF092 /* View */ = {
			isa = PBXGroup;
			children = (
				17920BF128A62662002AF092 /* ItemArticleTableViewCell */,
				17920BDC28A60499002AF092 /* MainNewsViewController.swift */,
				17920BDD28A60499002AF092 /* MainNewsViewController.xib */,
			);
			path = View;
			sourceTree = "<group>";
		};
		17920BE028A6054D002AF092 /* ViewModel */ = {
			isa = PBXGroup;
			children = (
				17920BFA28A63E3C002AF092 /* DetailNewsViewModel.swift */,
			);
			path = ViewModel;
			sourceTree = "<group>";
		};
		17920BE128A6055A002AF092 /* View */ = {
			isa = PBXGroup;
			children = (
				17920BE328A60588002AF092 /* DetailNewsViewController.swift */,
				17920BE428A60588002AF092 /* DetailNewsViewController.xib */,
			);
			path = View;
			sourceTree = "<group>";
		};
		17920BE228A60567002AF092 /* Model */ = {
			isa = PBXGroup;
			children = (
			);
			path = Model;
			sourceTree = "<group>";
		};
		17920BE728A6068A002AF092 /* Model */ = {
			isa = PBXGroup;
			children = (
				17920BE828A606A7002AF092 /* Article.swift */,
			);
			path = Model;
			sourceTree = "<group>";
		};
		17920BEA28A60EF6002AF092 /* DataManagement */ = {
			isa = PBXGroup;
			children = (
				17920BEB28A60F15002AF092 /* DataAdapter.swift */,
				17920BED28A60FB6002AF092 /* GetArticlesAPI.swift */,
				1765338928A9EEED00ABE8E2 /* MockDataArticle.swift */,
			);
			path = DataManagement;
			sourceTree = "<group>";
		};
		17920BF128A62662002AF092 /* ItemArticleTableViewCell */ = {
			isa = PBXGroup;
			children = (
				17920BF228A62694002AF092 /* ItemArticleTableViewCell.swift */,
				17920BF328A62694002AF092 /* ItemArticleTableViewCell.xib */,
			);
			path = ItemArticleTableViewCell;
			sourceTree = "<group>";
		};
		4AD8F75D28A5C03800DEBEBA = {
			isa = PBXGroup;
			children = (
				4AD8F76828A5C03800DEBEBA /* TestNews */,
				4AD8F77F28A5C03B00DEBEBA /* TestNewsTests */,
				4AD8F78A28A5C03B00DEBEBA /* TestNewsUITests */,
				4AD8F76728A5C03800DEBEBA /* Products */,
				87A2A39B1CE88CCAB9000838 /* Pods */,
				C46105AA8839A03220DB9288 /* Frameworks */,
			);
			sourceTree = "<group>";
		};
		4AD8F76728A5C03800DEBEBA /* Products */ = {
			isa = PBXGroup;
			children = (
				4AD8F76628A5C03800DEBEBA /* TestNews.app */,
				4AD8F77C28A5C03B00DEBEBA /* TestNewsTests.xctest */,
				4AD8F78728A5C03B00DEBEBA /* TestNewsUITests.xctest */,
			);
			name = Products;
			sourceTree = "<group>";
		};
		4AD8F76828A5C03800DEBEBA /* TestNews */ = {
			isa = PBXGroup;
			children = (
				17920BEA28A60EF6002AF092 /* DataManagement */,
				17920BD528A602EE002AF092 /* Utils */,
				17920BCB28A602A2002AF092 /* Screens */,
				17920BB228A60267002AF092 /* Extension */,
				17920B9228A60251002AF092 /* Fonts */,
				4AD8F76928A5C03800DEBEBA /* AppDelegate.swift */,
				4AD8F76D28A5C03800DEBEBA /* ViewController.swift */,
				4AD8F76F28A5C03800DEBEBA /* Main.storyboard */,
				4AD8F77228A5C03A00DEBEBA /* Assets.xcassets */,
				4AD8F77428A5C03A00DEBEBA /* LaunchScreen.storyboard */,
				4AD8F77728A5C03A00DEBEBA /* Info.plist */,
			);
			path = TestNews;
			sourceTree = "<group>";
		};
		4AD8F77F28A5C03B00DEBEBA /* TestNewsTests */ = {
			isa = PBXGroup;
			children = (
				4AD8F78028A5C03B00DEBEBA /* TestNewsTests.swift */,
				1765338B28A9F0EF00ABE8E2 /* MainNewTest.swift */,
				1765338D28A9F6A400ABE8E2 /* DetailedNewsTest.swift */,
				4AD8F78228A5C03B00DEBEBA /* Info.plist */,
			);
			path = TestNewsTests;
			sourceTree = "<group>";
		};
		4AD8F78A28A5C03B00DEBEBA /* TestNewsUITests */ = {
			isa = PBXGroup;
			children = (
				4AD8F78B28A5C03B00DEBEBA /* TestNewsUITests.swift */,
				4AD8F78D28A5C03B00DEBEBA /* Info.plist */,
			);
			path = TestNewsUITests;
			sourceTree = "<group>";
		};
		87A2A39B1CE88CCAB9000838 /* Pods */ = {
			isa = PBXGroup;
			children = (
				8520FDB5752A4C67DBC4B742 /* Pods-TestNews.debug.xcconfig */,
				EE8F6A774E9EC62E231CDF1B /* Pods-TestNews.release.xcconfig */,
				5EE790404CA8061AD4C5AAF1 /* Pods-TestNews-TestNewsUITests.debug.xcconfig */,
				69ECCEE019EE275BCE9086EC /* Pods-TestNews-TestNewsUITests.release.xcconfig */,
				8E0B729083F7EB82BEA74A75 /* Pods-TestNewsTests.debug.xcconfig */,
				1BC3A836B9D67EC650B01197 /* Pods-TestNewsTests.release.xcconfig */,
			);
			path = Pods;
			sourceTree = "<group>";
		};
		C46105AA8839A03220DB9288 /* Frameworks */ = {
			isa = PBXGroup;
			children = (
				DC3A47236583F749B65DE559 /* Pods_TestNews.framework */,
				EA2FC038D24347A1A8DE90E7 /* Pods_TestNews_TestNewsUITests.framework */,
				2193E3694531293B83FABE3B /* Pods_TestNewsTests.framework */,
			);
			name = Frameworks;
			sourceTree = "<group>";
		};
/* End PBXGroup section */

/* Begin PBXNativeTarget section */
		4AD8F76528A5C03800DEBEBA /* TestNews */ = {
			isa = PBXNativeTarget;
			buildConfigurationList = 4AD8F79028A5C03B00DEBEBA /* Build configuration list for PBXNativeTarget "TestNews" */;
			buildPhases = (
				095FB6CFEEACF6FB5BCD6135 /* [CP] Check Pods Manifest.lock */,
				4AD8F76228A5C03800DEBEBA /* Sources */,
				4AD8F76328A5C03800DEBEBA /* Frameworks */,
				4AD8F76428A5C03800DEBEBA /* Resources */,
				757A8475E692D7A1FC409A3A /* [CP] Embed Pods Frameworks */,
			);
			buildRules = (
			);
			dependencies = (
			);
			name = TestNews;
			productName = TestNews;
			productReference = 4AD8F76628A5C03800DEBEBA /* TestNews.app */;
			productType = "com.apple.product-type.application";
		};
		4AD8F77B28A5C03B00DEBEBA /* TestNewsTests */ = {
			isa = PBXNativeTarget;
			buildConfigurationList = 4AD8F79328A5C03B00DEBEBA /* Build configuration list for PBXNativeTarget "TestNewsTests" */;
			buildPhases = (
				06F83281E62CEBCD49FDDD35 /* [CP] Check Pods Manifest.lock */,
				4AD8F77828A5C03B00DEBEBA /* Sources */,
				4AD8F77928A5C03B00DEBEBA /* Frameworks */,
				4AD8F77A28A5C03B00DEBEBA /* Resources */,
			);
			buildRules = (
			);
			dependencies = (
				4AD8F77E28A5C03B00DEBEBA /* PBXTargetDependency */,
			);
			name = TestNewsTests;
			productName = TestNewsTests;
			productReference = 4AD8F77C28A5C03B00DEBEBA /* TestNewsTests.xctest */;
			productType = "com.apple.product-type.bundle.unit-test";
		};
		4AD8F78628A5C03B00DEBEBA /* TestNewsUITests */ = {
			isa = PBXNativeTarget;
			buildConfigurationList = 4AD8F79628A5C03B00DEBEBA /* Build configuration list for PBXNativeTarget "TestNewsUITests" */;
			buildPhases = (
				28D5262B3F850BEEF721D060 /* [CP] Check Pods Manifest.lock */,
				4AD8F78328A5C03B00DEBEBA /* Sources */,
				4AD8F78428A5C03B00DEBEBA /* Frameworks */,
				4AD8F78528A5C03B00DEBEBA /* Resources */,
				EDDAB3D87E6CB53A1C31196B /* [CP] Embed Pods Frameworks */,
			);
			buildRules = (
			);
			dependencies = (
				4AD8F78928A5C03B00DEBEBA /* PBXTargetDependency */,
			);
			name = TestNewsUITests;
			productName = TestNewsUITests;
			productReference = 4AD8F78728A5C03B00DEBEBA /* TestNewsUITests.xctest */;
			productType = "com.apple.product-type.bundle.ui-testing";
		};
/* End PBXNativeTarget section */

/* Begin PBXProject section */
		4AD8F75E28A5C03800DEBEBA /* Project object */ = {
			isa = PBXProject;
			attributes = {
				LastSwiftUpdateCheck = 1210;
				LastUpgradeCheck = 1210;
				TargetAttributes = {
					4AD8F76528A5C03800DEBEBA = {
						CreatedOnToolsVersion = 12.1;
					};
					4AD8F77B28A5C03B00DEBEBA = {
						CreatedOnToolsVersion = 12.1;
						TestTargetID = 4AD8F76528A5C03800DEBEBA;
					};
					4AD8F78628A5C03B00DEBEBA = {
						CreatedOnToolsVersion = 12.1;
						TestTargetID = 4AD8F76528A5C03800DEBEBA;
					};
				};
			};
			buildConfigurationList = 4AD8F76128A5C03800DEBEBA /* Build configuration list for PBXProject "TestNews" */;
			compatibilityVersion = "Xcode 9.3";
			developmentRegion = en;
			hasScannedForEncodings = 0;
			knownRegions = (
				en,
				Base,
			);
			mainGroup = 4AD8F75D28A5C03800DEBEBA;
			productRefGroup = 4AD8F76728A5C03800DEBEBA /* Products */;
			projectDirPath = "";
			projectRoot = "";
			targets = (
				4AD8F76528A5C03800DEBEBA /* TestNews */,
				4AD8F77B28A5C03B00DEBEBA /* TestNewsTests */,
				4AD8F78628A5C03B00DEBEBA /* TestNewsUITests */,
			);
		};
/* End PBXProject section */

/* Begin PBXResourcesBuildPhase section */
		4AD8F76428A5C03800DEBEBA /* Resources */ = {
			isa = PBXResourcesBuildPhase;
			buildActionMask = 2147483647;
			files = (
				17920BDF28A60499002AF092 /* MainNewsViewController.xib in Resources */,
				17920BAE28A60251002AF092 /* NunitoSans-SemiBold.ttf in Resources */,
				17920BA728A60251002AF092 /* NunitoSans-BlackItalic.ttf in Resources */,
				17920BD328A602BB002AF092 /* AlertCustomViewController.xib in Resources */,
				17920BB028A60251002AF092 /* NunitoSans-ExtraBoldItalic.ttf in Resources */,
				17920BAD28A60251002AF092 /* NunitoSans-Bold.ttf in Resources */,
				17920BAA28A60251002AF092 /* NunitoSans-SemiBoldItalic.ttf in Resources */,
				17920BF528A62694002AF092 /* ItemArticleTableViewCell.xib in Resources */,
				17920BA828A60251002AF092 /* NunitoSans-ExtraBold.ttf in Resources */,
				17920BA428A60251002AF092 /* NunitoSans-BoldItalic.ttf in Resources */,
				4AD8F77628A5C03A00DEBEBA /* LaunchScreen.storyboard in Resources */,
				17920BA628A60251002AF092 /* NunitoSans-Light.ttf in Resources */,
				17920BAB28A60251002AF092 /* NunitoSans-Italic.ttf in Resources */,
				17920BA528A60251002AF092 /* NunitoSans-ExtraLight.ttf in Resources */,
				17920BAC28A60251002AF092 /* OFL.txt in Resources */,
				4AD8F77328A5C03A00DEBEBA /* Assets.xcassets in Resources */,
				17920BAF28A60251002AF092 /* NunitoSans-Black.ttf in Resources */,
				17920BA928A60251002AF092 /* NunitoSans-Regular.ttf in Resources */,
				4AD8F77128A5C03800DEBEBA /* Main.storyboard in Resources */,
				17920BE628A60588002AF092 /* DetailNewsViewController.xib in Resources */,
				17920BB128A60251002AF092 /* NunitoSans-ExtraLightItalic.ttf in Resources */,
				17920BA328A60251002AF092 /* NunitoSans-LightItalic.ttf in Resources */,
			);
			runOnlyForDeploymentPostprocessing = 0;
		};
		4AD8F77A28A5C03B00DEBEBA /* Resources */ = {
			isa = PBXResourcesBuildPhase;
			buildActionMask = 2147483647;
			files = (
			);
			runOnlyForDeploymentPostprocessing = 0;
		};
		4AD8F78528A5C03B00DEBEBA /* Resources */ = {
			isa = PBXResourcesBuildPhase;
			buildActionMask = 2147483647;
			files = (
			);
			runOnlyForDeploymentPostprocessing = 0;
		};
/* End PBXResourcesBuildPhase section */

/* Begin PBXShellScriptBuildPhase section */
		06F83281E62CEBCD49FDDD35 /* [CP] Check Pods Manifest.lock */ = {
			isa = PBXShellScriptBuildPhase;
			buildActionMask = 2147483647;
			files = (
			);
			inputFileListPaths = (
			);
			inputPaths = (
				"${PODS_PODFILE_DIR_PATH}/Podfile.lock",
				"${PODS_ROOT}/Manifest.lock",
			);
			name = "[CP] Check Pods Manifest.lock";
			outputFileListPaths = (
			);
			outputPaths = (
				"$(DERIVED_FILE_DIR)/Pods-TestNewsTests-checkManifestLockResult.txt",
			);
			runOnlyForDeploymentPostprocessing = 0;
			shellPath = /bin/sh;
			shellScript = "diff \"${PODS_PODFILE_DIR_PATH}/Podfile.lock\" \"${PODS_ROOT}/Manifest.lock\" > /dev/null\nif [ $? != 0 ] ; then\n    # print error to STDERR\n    echo \"error: The sandbox is not in sync with the Podfile.lock. Run 'pod install' or update your CocoaPods installation.\" >&2\n    exit 1\nfi\n# This output is used by Xcode 'outputs' to avoid re-running this script phase.\necho \"SUCCESS\" > \"${SCRIPT_OUTPUT_FILE_0}\"\n";
			showEnvVarsInLog = 0;
		};
		095FB6CFEEACF6FB5BCD6135 /* [CP] Check Pods Manifest.lock */ = {
			isa = PBXShellScriptBuildPhase;
			buildActionMask = 2147483647;
			files = (
			);
			inputFileListPaths = (
			);
			inputPaths = (
				"${PODS_PODFILE_DIR_PATH}/Podfile.lock",
				"${PODS_ROOT}/Manifest.lock",
			);
			name = "[CP] Check Pods Manifest.lock";
			outputFileListPaths = (
			);
			outputPaths = (
				"$(DERIVED_FILE_DIR)/Pods-TestNews-checkManifestLockResult.txt",
			);
			runOnlyForDeploymentPostprocessing = 0;
			shellPath = /bin/sh;
			shellScript = "diff \"${PODS_PODFILE_DIR_PATH}/Podfile.lock\" \"${PODS_ROOT}/Manifest.lock\" > /dev/null\nif [ $? != 0 ] ; then\n    # print error to STDERR\n    echo \"error: The sandbox is not in sync with the Podfile.lock. Run 'pod install' or update your CocoaPods installation.\" >&2\n    exit 1\nfi\n# This output is used by Xcode 'outputs' to avoid re-running this script phase.\necho \"SUCCESS\" > \"${SCRIPT_OUTPUT_FILE_0}\"\n";
			showEnvVarsInLog = 0;
		};
		28D5262B3F850BEEF721D060 /* [CP] Check Pods Manifest.lock */ = {
			isa = PBXShellScriptBuildPhase;
			buildActionMask = 2147483647;
			files = (
			);
			inputFileListPaths = (
			);
			inputPaths = (
				"${PODS_PODFILE_DIR_PATH}/Podfile.lock",
				"${PODS_ROOT}/Manifest.lock",
			);
			name = "[CP] Check Pods Manifest.lock";
			outputFileListPaths = (
			);
			outputPaths = (
				"$(DERIVED_FILE_DIR)/Pods-TestNews-TestNewsUITests-checkManifestLockResult.txt",
			);
			runOnlyForDeploymentPostprocessing = 0;
			shellPath = /bin/sh;
			shellScript = "diff \"${PODS_PODFILE_DIR_PATH}/Podfile.lock\" \"${PODS_ROOT}/Manifest.lock\" > /dev/null\nif [ $? != 0 ] ; then\n    # print error to STDERR\n    echo \"error: The sandbox is not in sync with the Podfile.lock. Run 'pod install' or update your CocoaPods installation.\" >&2\n    exit 1\nfi\n# This output is used by Xcode 'outputs' to avoid re-running this script phase.\necho \"SUCCESS\" > \"${SCRIPT_OUTPUT_FILE_0}\"\n";
			showEnvVarsInLog = 0;
		};
		757A8475E692D7A1FC409A3A /* [CP] Embed Pods Frameworks */ = {
			isa = PBXShellScriptBuildPhase;
			buildActionMask = 2147483647;
			files = (
			);
			inputFileListPaths = (
				"${PODS_ROOT}/Target Support Files/Pods-TestNews/Pods-TestNews-frameworks-${CONFIGURATION}-input-files.xcfilelist",
			);
			name = "[CP] Embed Pods Frameworks";
			outputFileListPaths = (
				"${PODS_ROOT}/Target Support Files/Pods-TestNews/Pods-TestNews-frameworks-${CONFIGURATION}-output-files.xcfilelist",
			);
			runOnlyForDeploymentPostprocessing = 0;
			shellPath = /bin/sh;
			shellScript = "\"${PODS_ROOT}/Target Support Files/Pods-TestNews/Pods-TestNews-frameworks.sh\"\n";
			showEnvVarsInLog = 0;
		};
		EDDAB3D87E6CB53A1C31196B /* [CP] Embed Pods Frameworks */ = {
			isa = PBXShellScriptBuildPhase;
			buildActionMask = 2147483647;
			files = (
			);
			inputFileListPaths = (
				"${PODS_ROOT}/Target Support Files/Pods-TestNews-TestNewsUITests/Pods-TestNews-TestNewsUITests-frameworks-${CONFIGURATION}-input-files.xcfilelist",
			);
			name = "[CP] Embed Pods Frameworks";
			outputFileListPaths = (
				"${PODS_ROOT}/Target Support Files/Pods-TestNews-TestNewsUITests/Pods-TestNews-TestNewsUITests-frameworks-${CONFIGURATION}-output-files.xcfilelist",
			);
			runOnlyForDeploymentPostprocessing = 0;
			shellPath = /bin/sh;
			shellScript = "\"${PODS_ROOT}/Target Support Files/Pods-TestNews-TestNewsUITests/Pods-TestNews-TestNewsUITests-frameworks.sh\"\n";
			showEnvVarsInLog = 0;
		};
/* End PBXShellScriptBuildPhase section */

/* Begin PBXSourcesBuildPhase section */
		4AD8F76228A5C03800DEBEBA /* Sources */ = {
			isa = PBXSourcesBuildPhase;
			buildActionMask = 2147483647;
			files = (
				17920BF728A62933002AF092 /* ItemArticleCellViewModel.swift in Sources */,
				17920BC628A60267002AF092 /* UITableViewHeaderFooterView+Extension.swift in Sources */,
				17920BE528A60588002AF092 /* DetailNewsViewController.swift in Sources */,
				17920BD728A6030B002AF092 /* Constant.swift in Sources */,
				17920BC728A60267002AF092 /* Date+Extensions.swift in Sources */,
				17920BE928A606A7002AF092 /* Article.swift in Sources */,
				17920BEC28A60F16002AF092 /* DataAdapter.swift in Sources */,
				17920BC428A60267002AF092 /* UIViewController+Extension.swift in Sources */,
				1765338828A9E1D100ABE8E2 /* String+Extension.swift in Sources */,
				17920BC328A60267002AF092 /* NSMutableData+Extensions.swift in Sources */,
				17920BF028A61235002AF092 /* MainNewsViewModel.swift in Sources */,
				17920BBF28A60267002AF092 /* UIImageView+Extension.swift in Sources */,
				4AD8F76E28A5C03800DEBEBA /* ViewController.swift in Sources */,
				17920BC528A60267002AF092 /* UITableViewCell+Extension.swift in Sources */,
				17920BC928A60267002AF092 /* Data+Extensions.swift in Sources */,
				17920BC828A60267002AF092 /* BaseNibView.swift in Sources */,
				17920BCA28A60267002AF092 /* UITableView+Extension.swift in Sources */,
				17920BF428A62694002AF092 /* ItemArticleTableViewCell.swift in Sources */,
				17920BC028A60267002AF092 /* UIFont+Extension.swift in Sources */,
				17920BC228A60267002AF092 /* UIImage+Extension.swift in Sources */,
				17920BD428A602BB002AF092 /* AlertCustomViewController.swift in Sources */,
				17920BDE28A60499002AF092 /* MainNewsViewController.swift in Sources */,
				17920BEE28A60FB6002AF092 /* GetArticlesAPI.swift in Sources */,
				17920BC128A60267002AF092 /* UIView+Extension.swift in Sources */,
				17920BFB28A63E3C002AF092 /* DetailNewsViewModel.swift in Sources */,
				17920BF928A63473002AF092 /* UIColor+Extension.swift in Sources */,
				4AD8F76A28A5C03800DEBEBA /* AppDelegate.swift in Sources */,
				1765338A28A9EEED00ABE8E2 /* MockDataArticle.swift in Sources */,
				17920BD228A602BB002AF092 /* AlertCustomViewModel.swift in Sources */,
			);
			runOnlyForDeploymentPostprocessing = 0;
		};
		4AD8F77828A5C03B00DEBEBA /* Sources */ = {
			isa = PBXSourcesBuildPhase;
			buildActionMask = 2147483647;
			files = (
				4AD8F78128A5C03B00DEBEBA /* TestNewsTests.swift in Sources */,
				1765338C28A9F0EF00ABE8E2 /* MainNewTest.swift in Sources */,
				1765338E28A9F6A400ABE8E2 /* DetailedNewsTest.swift in Sources */,
			);
			runOnlyForDeploymentPostprocessing = 0;
		};
		4AD8F78328A5C03B00DEBEBA /* Sources */ = {
			isa = PBXSourcesBuildPhase;
			buildActionMask = 2147483647;
			files = (
				4AD8F78C28A5C03B00DEBEBA /* TestNewsUITests.swift in Sources */,
			);
			runOnlyForDeploymentPostprocessing = 0;
		};
/* End PBXSourcesBuildPhase section */

/* Begin PBXTargetDependency section */
		4AD8F77E28A5C03B00DEBEBA /* PBXTargetDependency */ = {
			isa = PBXTargetDependency;
			target = 4AD8F76528A5C03800DEBEBA /* TestNews */;
			targetProxy = 4AD8F77D28A5C03B00DEBEBA /* PBXContainerItemProxy */;
		};
		4AD8F78928A5C03B00DEBEBA /* PBXTargetDependency */ = {
			isa = PBXTargetDependency;
			target = 4AD8F76528A5C03800DEBEBA /* TestNews */;
			targetProxy = 4AD8F78828A5C03B00DEBEBA /* PBXContainerItemProxy */;
		};
/* End PBXTargetDependency section */

/* Begin PBXVariantGroup section */
		4AD8F76F28A5C03800DEBEBA /* Main.storyboard */ = {
			isa = PBXVariantGroup;
			children = (
				4AD8F77028A5C03800DEBEBA /* Base */,
			);
			name = Main.storyboard;
			sourceTree = "<group>";
		};
		4AD8F77428A5C03A00DEBEBA /* LaunchScreen.storyboard */ = {
			isa = PBXVariantGroup;
			children = (
				4AD8F77528A5C03A00DEBEBA /* Base */,
			);
			name = LaunchScreen.storyboard;
			sourceTree = "<group>";
		};
/* End PBXVariantGroup section */

/* Begin XCBuildConfiguration section */
		4AD8F78E28A5C03B00DEBEBA /* Debug */ = {
			isa = XCBuildConfiguration;
			buildSettings = {
				ALWAYS_SEARCH_USER_PATHS = NO;
				CLANG_ANALYZER_NONNULL = YES;
				CLANG_ANALYZER_NUMBER_OBJECT_CONVERSION = YES_AGGRESSIVE;
				CLANG_CXX_LANGUAGE_STANDARD = "gnu++14";
				CLANG_CXX_LIBRARY = "libc++";
				CLANG_ENABLE_MODULES = YES;
				CLANG_ENABLE_OBJC_ARC = YES;
				CLANG_ENABLE_OBJC_WEAK = YES;
				CLANG_WARN_BLOCK_CAPTURE_AUTORELEASING = YES;
				CLANG_WARN_BOOL_CONVERSION = YES;
				CLANG_WARN_COMMA = YES;
				CLANG_WARN_CONSTANT_CONVERSION = YES;
				CLANG_WARN_DEPRECATED_OBJC_IMPLEMENTATIONS = YES;
				CLANG_WARN_DIRECT_OBJC_ISA_USAGE = YES_ERROR;
				CLANG_WARN_DOCUMENTATION_COMMENTS = YES;
				CLANG_WARN_EMPTY_BODY = YES;
				CLANG_WARN_ENUM_CONVERSION = YES;
				CLANG_WARN_INFINITE_RECURSION = YES;
				CLANG_WARN_INT_CONVERSION = YES;
				CLANG_WARN_NON_LITERAL_NULL_CONVERSION = YES;
				CLANG_WARN_OBJC_IMPLICIT_RETAIN_SELF = YES;
				CLANG_WARN_OBJC_LITERAL_CONVERSION = YES;
				CLANG_WARN_OBJC_ROOT_CLASS = YES_ERROR;
				CLANG_WARN_QUOTED_INCLUDE_IN_FRAMEWORK_HEADER = YES;
				CLANG_WARN_RANGE_LOOP_ANALYSIS = YES;
				CLANG_WARN_STRICT_PROTOTYPES = YES;
				CLANG_WARN_SUSPICIOUS_MOVE = YES;
				CLANG_WARN_UNGUARDED_AVAILABILITY = YES_AGGRESSIVE;
				CLANG_WARN_UNREACHABLE_CODE = YES;
				CLANG_WARN__DUPLICATE_METHOD_MATCH = YES;
				COPY_PHASE_STRIP = NO;
				DEBUG_INFORMATION_FORMAT = dwarf;
				ENABLE_STRICT_OBJC_MSGSEND = YES;
				ENABLE_TESTABILITY = YES;
				GCC_C_LANGUAGE_STANDARD = gnu11;
				GCC_DYNAMIC_NO_PIC = NO;
				GCC_NO_COMMON_BLOCKS = YES;
				GCC_OPTIMIZATION_LEVEL = 0;
				GCC_PREPROCESSOR_DEFINITIONS = (
					"DEBUG=1",
					"$(inherited)",
				);
				GCC_WARN_64_TO_32_BIT_CONVERSION = YES;
				GCC_WARN_ABOUT_RETURN_TYPE = YES_ERROR;
				GCC_WARN_UNDECLARED_SELECTOR = YES;
				GCC_WARN_UNINITIALIZED_AUTOS = YES_AGGRESSIVE;
				GCC_WARN_UNUSED_FUNCTION = YES;
				GCC_WARN_UNUSED_VARIABLE = YES;
				IPHONEOS_DEPLOYMENT_TARGET = 14.1;
				MTL_ENABLE_DEBUG_INFO = INCLUDE_SOURCE;
				MTL_FAST_MATH = YES;
				ONLY_ACTIVE_ARCH = YES;
				SDKROOT = iphoneos;
				SWIFT_ACTIVE_COMPILATION_CONDITIONS = DEBUG;
				SWIFT_OPTIMIZATION_LEVEL = "-Onone";
			};
			name = Debug;
		};
		4AD8F78F28A5C03B00DEBEBA /* Release */ = {
			isa = XCBuildConfiguration;
			buildSettings = {
				ALWAYS_SEARCH_USER_PATHS = NO;
				CLANG_ANALYZER_NONNULL = YES;
				CLANG_ANALYZER_NUMBER_OBJECT_CONVERSION = YES_AGGRESSIVE;
				CLANG_CXX_LANGUAGE_STANDARD = "gnu++14";
				CLANG_CXX_LIBRARY = "libc++";
				CLANG_ENABLE_MODULES = YES;
				CLANG_ENABLE_OBJC_ARC = YES;
				CLANG_ENABLE_OBJC_WEAK = YES;
				CLANG_WARN_BLOCK_CAPTURE_AUTORELEASING = YES;
				CLANG_WARN_BOOL_CONVERSION = YES;
				CLANG_WARN_COMMA = YES;
				CLANG_WARN_CONSTANT_CONVERSION = YES;
				CLANG_WARN_DEPRECATED_OBJC_IMPLEMENTATIONS = YES;
				CLANG_WARN_DIRECT_OBJC_ISA_USAGE = YES_ERROR;
				CLANG_WARN_DOCUMENTATION_COMMENTS = YES;
				CLANG_WARN_EMPTY_BODY = YES;
				CLANG_WARN_ENUM_CONVERSION = YES;
				CLANG_WARN_INFINITE_RECURSION = YES;
				CLANG_WARN_INT_CONVERSION = YES;
				CLANG_WARN_NON_LITERAL_NULL_CONVERSION = YES;
				CLANG_WARN_OBJC_IMPLICIT_RETAIN_SELF = YES;
				CLANG_WARN_OBJC_LITERAL_CONVERSION = YES;
				CLANG_WARN_OBJC_ROOT_CLASS = YES_ERROR;
				CLANG_WARN_QUOTED_INCLUDE_IN_FRAMEWORK_HEADER = YES;
				CLANG_WARN_RANGE_LOOP_ANALYSIS = YES;
				CLANG_WARN_STRICT_PROTOTYPES = YES;
				CLANG_WARN_SUSPICIOUS_MOVE = YES;
				CLANG_WARN_UNGUARDED_AVAILABILITY = YES_AGGRESSIVE;
				CLANG_WARN_UNREACHABLE_CODE = YES;
				CLANG_WARN__DUPLICATE_METHOD_MATCH = YES;
				COPY_PHASE_STRIP = NO;
				DEBUG_INFORMATION_FORMAT = "dwarf-with-dsym";
				ENABLE_NS_ASSERTIONS = NO;
				ENABLE_STRICT_OBJC_MSGSEND = YES;
				GCC_C_LANGUAGE_STANDARD = gnu11;
				GCC_NO_COMMON_BLOCKS = YES;
				GCC_WARN_64_TO_32_BIT_CONVERSION = YES;
				GCC_WARN_ABOUT_RETURN_TYPE = YES_ERROR;
				GCC_WARN_UNDECLARED_SELECTOR = YES;
				GCC_WARN_UNINITIALIZED_AUTOS = YES_AGGRESSIVE;
				GCC_WARN_UNUSED_FUNCTION = YES;
				GCC_WARN_UNUSED_VARIABLE = YES;
				IPHONEOS_DEPLOYMENT_TARGET = 14.1;
				MTL_ENABLE_DEBUG_INFO = NO;
				MTL_FAST_MATH = YES;
				SDKROOT = iphoneos;
				SWIFT_COMPILATION_MODE = wholemodule;
				SWIFT_OPTIMIZATION_LEVEL = "-O";
				VALIDATE_PRODUCT = YES;
			};
			name = Release;
		};
		4AD8F79128A5C03B00DEBEBA /* Debug */ = {
			isa = XCBuildConfiguration;
			baseConfigurationReference = 8520FDB5752A4C67DBC4B742 /* Pods-TestNews.debug.xcconfig */;
			buildSettings = {
				ASSETCATALOG_COMPILER_APPICON_NAME = AppIcon;
				ASSETCATALOG_COMPILER_GLOBAL_ACCENT_COLOR_NAME = AccentColor;
				CODE_SIGN_STYLE = Automatic;
				INFOPLIST_FILE = TestNews/Info.plist;
				LD_RUNPATH_SEARCH_PATHS = (
					"$(inherited)",
					"@executable_path/Frameworks",
				);
				PRODUCT_BUNDLE_IDENTIFIER = com.bunbee.call.TestNews;
				PRODUCT_NAME = "$(TARGET_NAME)";
				SWIFT_VERSION = 5.0;
				TARGETED_DEVICE_FAMILY = "1,2";
			};
			name = Debug;
		};
		4AD8F79228A5C03B00DEBEBA /* Release */ = {
			isa = XCBuildConfiguration;
			baseConfigurationReference = EE8F6A774E9EC62E231CDF1B /* Pods-TestNews.release.xcconfig */;
			buildSettings = {
				ASSETCATALOG_COMPILER_APPICON_NAME = AppIcon;
				ASSETCATALOG_COMPILER_GLOBAL_ACCENT_COLOR_NAME = AccentColor;
				CODE_SIGN_STYLE = Automatic;
				INFOPLIST_FILE = TestNews/Info.plist;
				LD_RUNPATH_SEARCH_PATHS = (
					"$(inherited)",
					"@executable_path/Frameworks",
				);
				PRODUCT_BUNDLE_IDENTIFIER = com.bunbee.call.TestNews;
				PRODUCT_NAME = "$(TARGET_NAME)";
				SWIFT_VERSION = 5.0;
				TARGETED_DEVICE_FAMILY = "1,2";
			};
			name = Release;
		};
		4AD8F79428A5C03B00DEBEBA /* Debug */ = {
			isa = XCBuildConfiguration;
			baseConfigurationReference = 8E0B729083F7EB82BEA74A75 /* Pods-TestNewsTests.debug.xcconfig */;
			buildSettings = {
				ALWAYS_EMBED_SWIFT_STANDARD_LIBRARIES = YES;
				BUNDLE_LOADER = "$(TEST_HOST)";
				CODE_SIGN_STYLE = Automatic;
				INFOPLIST_FILE = TestNewsTests/Info.plist;
				IPHONEOS_DEPLOYMENT_TARGET = 14.1;
				LD_RUNPATH_SEARCH_PATHS = (
					"$(inherited)",
					"@executable_path/Frameworks",
					"@loader_path/Frameworks",
				);
				PRODUCT_BUNDLE_IDENTIFIER = com.bunbee.call.TestNewsTests;
				PRODUCT_NAME = "$(TARGET_NAME)";
				SWIFT_VERSION = 5.0;
				TARGETED_DEVICE_FAMILY = "1,2";
				TEST_HOST = "$(BUILT_PRODUCTS_DIR)/TestNews.app/TestNews";
			};
			name = Debug;
		};
		4AD8F79528A5C03B00DEBEBA /* Release */ = {
			isa = XCBuildConfiguration;
			baseConfigurationReference = 1BC3A836B9D67EC650B01197 /* Pods-TestNewsTests.release.xcconfig */;
			buildSettings = {
				ALWAYS_EMBED_SWIFT_STANDARD_LIBRARIES = YES;
				BUNDLE_LOADER = "$(TEST_HOST)";
				CODE_SIGN_STYLE = Automatic;
				INFOPLIST_FILE = TestNewsTests/Info.plist;
				IPHONEOS_DEPLOYMENT_TARGET = 14.1;
				LD_RUNPATH_SEARCH_PATHS = (
					"$(inherited)",
					"@executable_path/Frameworks",
					"@loader_path/Frameworks",
				);
				PRODUCT_BUNDLE_IDENTIFIER = com.bunbee.call.TestNewsTests;
				PRODUCT_NAME = "$(TARGET_NAME)";
				SWIFT_VERSION = 5.0;
				TARGETED_DEVICE_FAMILY = "1,2";
				TEST_HOST = "$(BUILT_PRODUCTS_DIR)/TestNews.app/TestNews";
			};
			name = Release;
		};
		4AD8F79728A5C03B00DEBEBA /* Debug */ = {
			isa = XCBuildConfiguration;
			baseConfigurationReference = 5EE790404CA8061AD4C5AAF1 /* Pods-TestNews-TestNewsUITests.debug.xcconfig */;
			buildSettings = {
				ALWAYS_EMBED_SWIFT_STANDARD_LIBRARIES = YES;
				CODE_SIGN_STYLE = Automatic;
				INFOPLIST_FILE = TestNewsUITests/Info.plist;
				LD_RUNPATH_SEARCH_PATHS = (
					"$(inherited)",
					"@executable_path/Frameworks",
					"@loader_path/Frameworks",
				);
				PRODUCT_BUNDLE_IDENTIFIER = com.bunbee.call.TestNewsUITests;
				PRODUCT_NAME = "$(TARGET_NAME)";
				SWIFT_VERSION = 5.0;
				TARGETED_DEVICE_FAMILY = "1,2";
				TEST_TARGET_NAME = TestNews;
			};
			name = Debug;
		};
		4AD8F79828A5C03B00DEBEBA /* Release */ = {
			isa = XCBuildConfiguration;
			baseConfigurationReference = 69ECCEE019EE275BCE9086EC /* Pods-TestNews-TestNewsUITests.release.xcconfig */;
			buildSettings = {
				ALWAYS_EMBED_SWIFT_STANDARD_LIBRARIES = YES;
				CODE_SIGN_STYLE = Automatic;
				INFOPLIST_FILE = TestNewsUITests/Info.plist;
				LD_RUNPATH_SEARCH_PATHS = (
					"$(inherited)",
					"@executable_path/Frameworks",
					"@loader_path/Frameworks",
				);
				PRODUCT_BUNDLE_IDENTIFIER = com.bunbee.call.TestNewsUITests;
				PRODUCT_NAME = "$(TARGET_NAME)";
				SWIFT_VERSION = 5.0;
				TARGETED_DEVICE_FAMILY = "1,2";
				TEST_TARGET_NAME = TestNews;
			};
			name = Release;
		};
/* End XCBuildConfiguration section */

/* Begin XCConfigurationList section */
		4AD8F76128A5C03800DEBEBA /* Build configuration list for PBXProject "TestNews" */ = {
			isa = XCConfigurationList;
			buildConfigurations = (
				4AD8F78E28A5C03B00DEBEBA /* Debug */,
				4AD8F78F28A5C03B00DEBEBA /* Release */,
			);
			defaultConfigurationIsVisible = 0;
			defaultConfigurationName = Release;
		};
		4AD8F79028A5C03B00DEBEBA /* Build configuration list for PBXNativeTarget "TestNews" */ = {
			isa = XCConfigurationList;
			buildConfigurations = (
				4AD8F79128A5C03B00DEBEBA /* Debug */,
				4AD8F79228A5C03B00DEBEBA /* Release */,
			);
			defaultConfigurationIsVisible = 0;
			defaultConfigurationName = Release;
		};
		4AD8F79328A5C03B00DEBEBA /* Build configuration list for PBXNativeTarget "TestNewsTests" */ = {
			isa = XCConfigurationList;
			buildConfigurations = (
				4AD8F79428A5C03B00DEBEBA /* Debug */,
				4AD8F79528A5C03B00DEBEBA /* Release */,
			);
			defaultConfigurationIsVisible = 0;
			defaultConfigurationName = Release;
		};
		4AD8F79628A5C03B00DEBEBA /* Build configuration list for PBXNativeTarget "TestNewsUITests" */ = {
			isa = XCConfigurationList;
			buildConfigurations = (
				4AD8F79728A5C03B00DEBEBA /* Debug */,
				4AD8F79828A5C03B00DEBEBA /* Release */,
			);
			defaultConfigurationIsVisible = 0;
			defaultConfigurationName = Release;
		};
/* End XCConfigurationList section */
	};
	rootObject = 4AD8F75E28A5C03800DEBEBA /* Project object */;
}
